
Microsoft Visual Studio Solution File, Format Version 12.00
# Visual Studio Version 16
VisualStudioVersion = 16.0.31025.194
MinimumVisualStudioVersion = 10.0.40219.1
Project("{FAE04EC0-301F-11D3-BF4B-00C04F79EFBC}") = "KnapsackProblem", "KnapsackProblem\KnapsackProblem.csproj", "{18A189D6-F88D-473F-80AC-EAC1DAC79B99}"
EndProject
Global
	GlobalSection(SolutionConfigurationPlatforms) = preSolution
		Debug|Any CPU = Debug|Any CPU
		Release|Any CPU = Release|Any CPU
	EndGlobalSection
	GlobalSection(ProjectConfigurationPlatforms) = postSolution
		{18A189D6-F88D-473F-80AC-EAC1DAC79B99}.Debug|Any CPU.ActiveCfg = Debug|Any CPU
		{18A189D6-F88D-473F-80AC-EAC1DAC79B99}.Debug|Any CPU.Build.0 = Debug|Any CPU
		{18A189D6-F88D-473F-80AC-EAC1DAC79B99}.Release|Any CPU.ActiveCfg = Release|Any CPU
		{18A189D6-F88D-473F-80AC-EAC1DAC79B99}.Release|Any CPU.Build.0 = Release|Any CPU
	EndGlobalSection
	GlobalSection(SolutionProperties) = preSolution
		HideSolutionNode = FALSE
	EndGlobalSection
	GlobalSection(ExtensibilityGlobals) = postSolution
		SolutionGuid = {FA8B1399-CD73-4BF0-90D1-908366A25E82}
	EndGlobalSection
EndGlobal
